
Microsoft Visual Studio Solution File, Format Version 12.00
# Visual Studio Version 17
VisualStudioVersion = 17.13.35806.99 d17.13
MinimumVisualStudioVersion = 10.0.40219.1
Project("{FAE04EC0-301F-11D3-BF4B-00C04F79EFBC}") = "MicroBlog.API", "MicroBlog.API\MicroBlog.API.csproj", "{93651F06-4E04-47F3-A27C-27967D43F0D7}"
EndProject
Project("{FAE04EC0-301F-11D3-BF4B-00C04F79EFBC}") = "MicroBlog.Domain", "MicroBlog.Domain\MicroBlog.Domain.csproj", "{CAF64B8E-1808-41B8-9174-E4C998BCE3E8}"
EndProject
Global
	GlobalSection(SolutionConfigurationPlatforms) = preSolution
		Debug|Any CPU = Debug|Any CPU
		Release|Any CPU = Release|Any CPU
	EndGlobalSection
	GlobalSection(ProjectConfigurationPlatforms) = postSolution
		{93651F06-4E04-47F3-A27C-27967D43F0D7}.Debug|Any CPU.ActiveCfg = Debug|Any CPU
		{93651F06-4E04-47F3-A27C-27967D43F0D7}.Debug|Any CPU.Build.0 = Debug|Any CPU
		{93651F06-4E04-47F3-A27C-27967D43F0D7}.Release|Any CPU.ActiveCfg = Release|Any CPU
		{93651F06-4E04-47F3-A27C-27967D43F0D7}.Release|Any CPU.Build.0 = Release|Any CPU
		{CAF64B8E-1808-41B8-9174-E4C998BCE3E8}.Debug|Any CPU.ActiveCfg = Debug|Any CPU
		{CAF64B8E-1808-41B8-9174-E4C998BCE3E8}.Debug|Any CPU.Build.0 = Debug|Any CPU
		{CAF64B8E-1808-41B8-9174-E4C998BCE3E8}.Release|Any CPU.ActiveCfg = Release|Any CPU
		{CAF64B8E-1808-41B8-9174-E4C998BCE3E8}.Release|Any CPU.Build.0 = Release|Any CPU
	EndGlobalSection
	GlobalSection(SolutionProperties) = preSolution
		HideSolutionNode = FALSE
	EndGlobalSection
	GlobalSection(ExtensibilityGlobals) = postSolution
		SolutionGuid = {8E28FBCB-11F8-4AA7-8B40-6F6BD576728F}
	EndGlobalSection
EndGlobal
